
Microsoft Visual Studio Solution File, Format Version 12.00
# Visual Studio Version 17
VisualStudioVersion = 17.4.33205.214
MinimumVisualStudioVersion = 10.0.40219.1
Project("{FAE04EC0-301F-11D3-BF4B-00C04F79EFBC}") = "TaskTracker", "TaskTracker\TaskTracker.csproj", "{0DF840A0-8DD0-4A24-87B2-AD1DAFC278CA}"
EndProject
Project("{FAE04EC0-301F-11D3-BF4B-00C04F79EFBC}") = "Accounting", "Accounting\Accounting.csproj", "{8B584923-D734-48CC-B7D1-5C28EF8DAD11}"
EndProject
Project("{E53339B2-1760-4266-BCC7-CA923CBCF16C}") = "docker-compose", "docker-compose.dcproj", "{7FA91D6B-B44C-4972-962C-72F8CD9CB2DB}"
EndProject
Project("{FAE04EC0-301F-11D3-BF4B-00C04F79EFBC}") = "AuthService", "AuthService\AuthService.csproj", "{86369C63-7AC9-45FE-A7BC-3ABB21FFC768}"
EndProject
Project("{FAE04EC0-301F-11D3-BF4B-00C04F79EFBC}") = "Common", "Common\Common.csproj", "{FEF35367-14B8-46E5-8E7C-188CD6F21C24}"
EndProject
Global
	GlobalSection(SolutionConfigurationPlatforms) = preSolution
		Debug|Any CPU = Debug|Any CPU
		Release|Any CPU = Release|Any CPU
	EndGlobalSection
	GlobalSection(ProjectConfigurationPlatforms) = postSolution
		{0DF840A0-8DD0-4A24-87B2-AD1DAFC278CA}.Debug|Any CPU.ActiveCfg = Debug|Any CPU
		{0DF840A0-8DD0-4A24-87B2-AD1DAFC278CA}.Debug|Any CPU.Build.0 = Debug|Any CPU
		{0DF840A0-8DD0-4A24-87B2-AD1DAFC278CA}.Release|Any CPU.ActiveCfg = Release|Any CPU
		{0DF840A0-8DD0-4A24-87B2-AD1DAFC278CA}.Release|Any CPU.Build.0 = Release|Any CPU
		{8B584923-D734-48CC-B7D1-5C28EF8DAD11}.Debug|Any CPU.ActiveCfg = Debug|Any CPU
		{8B584923-D734-48CC-B7D1-5C28EF8DAD11}.Debug|Any CPU.Build.0 = Debug|Any CPU
		{8B584923-D734-48CC-B7D1-5C28EF8DAD11}.Release|Any CPU.ActiveCfg = Release|Any CPU
		{8B584923-D734-48CC-B7D1-5C28EF8DAD11}.Release|Any CPU.Build.0 = Release|Any CPU
		{7FA91D6B-B44C-4972-962C-72F8CD9CB2DB}.Debug|Any CPU.ActiveCfg = Debug|Any CPU
		{7FA91D6B-B44C-4972-962C-72F8CD9CB2DB}.Debug|Any CPU.Build.0 = Debug|Any CPU
		{7FA91D6B-B44C-4972-962C-72F8CD9CB2DB}.Release|Any CPU.ActiveCfg = Release|Any CPU
		{7FA91D6B-B44C-4972-962C-72F8CD9CB2DB}.Release|Any CPU.Build.0 = Release|Any CPU
		{86369C63-7AC9-45FE-A7BC-3ABB21FFC768}.Debug|Any CPU.ActiveCfg = Debug|Any CPU
		{86369C63-7AC9-45FE-A7BC-3ABB21FFC768}.Debug|Any CPU.Build.0 = Debug|Any CPU
		{86369C63-7AC9-45FE-A7BC-3ABB21FFC768}.Release|Any CPU.ActiveCfg = Release|Any CPU
		{86369C63-7AC9-45FE-A7BC-3ABB21FFC768}.Release|Any CPU.Build.0 = Release|Any CPU
		{FEF35367-14B8-46E5-8E7C-188CD6F21C24}.Debug|Any CPU.ActiveCfg = Debug|Any CPU
		{FEF35367-14B8-46E5-8E7C-188CD6F21C24}.Debug|Any CPU.Build.0 = Debug|Any CPU
		{FEF35367-14B8-46E5-8E7C-188CD6F21C24}.Release|Any CPU.ActiveCfg = Release|Any CPU
		{FEF35367-14B8-46E5-8E7C-188CD6F21C24}.Release|Any CPU.Build.0 = Release|Any CPU
	EndGlobalSection
	GlobalSection(SolutionProperties) = preSolution
		HideSolutionNode = FALSE
	EndGlobalSection
	GlobalSection(ExtensibilityGlobals) = postSolution
		SolutionGuid = {1617EF95-E8B7-4355-B6A0-A7AF4084FD68}
	EndGlobalSection
EndGlobal
