
Microsoft Visual Studio Solution File, Format Version 12.00
# Visual Studio Version 17
VisualStudioVersion = 17.4.33205.214
MinimumVisualStudioVersion = 15.0.26124.0
Project("{9A19103F-16F7-4668-BE54-9A1E7A4F7556}") = "PopugAuthorizationServer", "PopugAuthorizationServer\PopugAuthorizationServer.csproj", "{05873D38-DFE7-4CC7-9F49-FA492FBDA53E}"
EndProject
Project("{E53339B2-1760-4266-BCC7-CA923CBCF16C}") = "docker-compose", "docker-compose.dcproj", "{30B59BB5-9F18-438A-83B4-B73738C57161}"
EndProject
Project("{9A19103F-16F7-4668-BE54-9A1E7A4F7556}") = "PopugCommon", "PopugCommon\PopugCommon.csproj", "{8FDE8D3C-1812-48E5-AD00-A231FC7F6A98}"
EndProject
Project("{FAE04EC0-301F-11D3-BF4B-00C04F79EFBC}") = "PopugTaskTracker", "PopugTaskTracker\PopugTaskTracker.csproj", "{526B6428-F344-4E7B-AF1C-9D1E01F16C23}"
EndProject
Global
	GlobalSection(SolutionConfigurationPlatforms) = preSolution
		Debug|Any CPU = Debug|Any CPU
		Release|Any CPU = Release|Any CPU
	EndGlobalSection
	GlobalSection(ProjectConfigurationPlatforms) = postSolution
		{05873D38-DFE7-4CC7-9F49-FA492FBDA53E}.Debug|Any CPU.ActiveCfg = Debug|Any CPU
		{05873D38-DFE7-4CC7-9F49-FA492FBDA53E}.Debug|Any CPU.Build.0 = Debug|Any CPU
		{05873D38-DFE7-4CC7-9F49-FA492FBDA53E}.Release|Any CPU.ActiveCfg = Release|Any CPU
		{05873D38-DFE7-4CC7-9F49-FA492FBDA53E}.Release|Any CPU.Build.0 = Release|Any CPU
		{30B59BB5-9F18-438A-83B4-B73738C57161}.Debug|Any CPU.ActiveCfg = Debug|Any CPU
		{30B59BB5-9F18-438A-83B4-B73738C57161}.Debug|Any CPU.Build.0 = Debug|Any CPU
		{30B59BB5-9F18-438A-83B4-B73738C57161}.Release|Any CPU.ActiveCfg = Release|Any CPU
		{30B59BB5-9F18-438A-83B4-B73738C57161}.Release|Any CPU.Build.0 = Release|Any CPU
		{8FDE8D3C-1812-48E5-AD00-A231FC7F6A98}.Debug|Any CPU.ActiveCfg = Debug|Any CPU
		{8FDE8D3C-1812-48E5-AD00-A231FC7F6A98}.Debug|Any CPU.Build.0 = Debug|Any CPU
		{8FDE8D3C-1812-48E5-AD00-A231FC7F6A98}.Release|Any CPU.ActiveCfg = Release|Any CPU
		{8FDE8D3C-1812-48E5-AD00-A231FC7F6A98}.Release|Any CPU.Build.0 = Release|Any CPU
		{526B6428-F344-4E7B-AF1C-9D1E01F16C23}.Debug|Any CPU.ActiveCfg = Debug|Any CPU
		{526B6428-F344-4E7B-AF1C-9D1E01F16C23}.Debug|Any CPU.Build.0 = Debug|Any CPU
		{526B6428-F344-4E7B-AF1C-9D1E01F16C23}.Release|Any CPU.ActiveCfg = Release|Any CPU
		{526B6428-F344-4E7B-AF1C-9D1E01F16C23}.Release|Any CPU.Build.0 = Release|Any CPU
	EndGlobalSection
	GlobalSection(SolutionProperties) = preSolution
		HideSolutionNode = FALSE
	EndGlobalSection
	GlobalSection(ExtensibilityGlobals) = postSolution
		SolutionGuid = {877D7519-6C7F-4FFD-91D8-39A3ECF7E3D9}
	EndGlobalSection
EndGlobal
